
Microsoft Visual Studio Solution File, Format Version 12.00
# Visual Studio Version 17
VisualStudioVersion = 17.3.32901.215
MinimumVisualStudioVersion = 10.0.40219.1
Project("{FAE04EC0-301F-11D3-BF4B-00C04F79EFBC}") = "Project_BanLapTop", "Project_BanLapTop\Project_BanLapTop.csproj", "{2946409A-EE94-44E5-B086-04989B5BACE3}"
EndProject
Global
	GlobalSection(SolutionConfigurationPlatforms) = preSolution
		Debug|Any CPU = Debug|Any CPU
		Release|Any CPU = Release|Any CPU
	EndGlobalSection
	GlobalSection(ProjectConfigurationPlatforms) = postSolution
		{2946409A-EE94-44E5-B086-04989B5BACE3}.Debug|Any CPU.ActiveCfg = Debug|Any CPU
		{2946409A-EE94-44E5-B086-04989B5BACE3}.Debug|Any CPU.Build.0 = Debug|Any CPU
		{2946409A-EE94-44E5-B086-04989B5BACE3}.Release|Any CPU.ActiveCfg = Release|Any CPU
		{2946409A-EE94-44E5-B086-04989B5BACE3}.Release|Any CPU.Build.0 = Release|Any CPU
	EndGlobalSection
	GlobalSection(SolutionProperties) = preSolution
		HideSolutionNode = FALSE
	EndGlobalSection
	GlobalSection(ExtensibilityGlobals) = postSolution
		SolutionGuid = {5D4010F0-F5B6-45F5-B89F-97EA7BE1CE42}
	EndGlobalSection
EndGlobal
